
Microsoft Visual Studio Solution File, Format Version 12.00
# Visual Studio Version 16
VisualStudioVersion = 16.0.30621.155
MinimumVisualStudioVersion = 10.0.40219.1
Project("{FAE04EC0-301F-11D3-BF4B-00C04F79EFBC}") = "Taqueria_Sistema", "Taqueria_Sistema\Taqueria_Sistema.csproj", "{F7911B32-5012-467D-B5AC-82E7323107CE}"
EndProject
Global
	GlobalSection(SolutionConfigurationPlatforms) = preSolution
		Debug|Any CPU = Debug|Any CPU
		Release|Any CPU = Release|Any CPU
	EndGlobalSection
	GlobalSection(ProjectConfigurationPlatforms) = postSolution
		{F7911B32-5012-467D-B5AC-82E7323107CE}.Debug|Any CPU.ActiveCfg = Debug|Any CPU
		{F7911B32-5012-467D-B5AC-82E7323107CE}.Debug|Any CPU.Build.0 = Debug|Any CPU
		{F7911B32-5012-467D-B5AC-82E7323107CE}.Release|Any CPU.ActiveCfg = Release|Any CPU
		{F7911B32-5012-467D-B5AC-82E7323107CE}.Release|Any CPU.Build.0 = Release|Any CPU
	EndGlobalSection
	GlobalSection(SolutionProperties) = preSolution
		HideSolutionNode = FALSE
	EndGlobalSection
	GlobalSection(ExtensibilityGlobals) = postSolution
		SolutionGuid = {67C5B2D2-1CE2-4B5B-AC04-90F57F5CE91B}
	EndGlobalSection
EndGlobal
